
Microsoft Visual Studio Solution File, Format Version 11.00
# Visual Studio 2010
Project("{FAE04EC0-301F-11D3-BF4B-00C04F79EFBC}") = "Assembly-CSharp", "Assembly-CSharp.csproj", "{8e241230-a8c4-c4ee-49ba-57a9ea36e84d}"
EndProject
Project("{FAE04EC0-301F-11D3-BF4B-00C04F79EFBC}") = "Assembly-CSharp-firstpass", "Assembly-CSharp-firstpass.csproj", "{a2898cf6-063c-cb1d-b9ee-e02475cf0c6a}"
EndProject
Global
	GlobalSection(SolutionConfigurationPlatforms) = preSolution
		Debug|Any CPU = Debug|Any CPU
	EndGlobalSection
	GlobalSection(ProjectConfigurationPlatforms) = postSolution
		{8e241230-a8c4-c4ee-49ba-57a9ea36e84d}.Debug|Any CPU.ActiveCfg = Debug|Any CPU
		{8e241230-a8c4-c4ee-49ba-57a9ea36e84d}.Debug|Any CPU.Build.0 = Debug|Any CPU
		{a2898cf6-063c-cb1d-b9ee-e02475cf0c6a}.Debug|Any CPU.ActiveCfg = Debug|Any CPU
		{a2898cf6-063c-cb1d-b9ee-e02475cf0c6a}.Debug|Any CPU.Build.0 = Debug|Any CPU
	EndGlobalSection
	GlobalSection(SolutionProperties) = preSolution
		HideSolutionNode = FALSE
	EndGlobalSection
EndGlobal
